
Microsoft Visual Studio Solution File, Format Version 12.00
# Visual Studio Version 16
VisualStudioVersion = 16.0.30907.101
MinimumVisualStudioVersion = 10.0.40219.1
Project("{FAE04EC0-301F-11D3-BF4B-00C04F79EFBC}") = "Laborer Management", "Laborer Management.csproj", "{4D711B94-6155-4187-9CB1-2D276424D053}"
EndProject
Global
	GlobalSection(SolutionConfigurationPlatforms) = preSolution
		Debug|Any CPU = Debug|Any CPU
		Release|Any CPU = Release|Any CPU
	EndGlobalSection
	GlobalSection(ProjectConfigurationPlatforms) = postSolution
		{4D711B94-6155-4187-9CB1-2D276424D053}.Debug|Any CPU.ActiveCfg = Debug|Any CPU
		{4D711B94-6155-4187-9CB1-2D276424D053}.Debug|Any CPU.Build.0 = Debug|Any CPU
		{4D711B94-6155-4187-9CB1-2D276424D053}.Release|Any CPU.ActiveCfg = Release|Any CPU
		{4D711B94-6155-4187-9CB1-2D276424D053}.Release|Any CPU.Build.0 = Release|Any CPU
	EndGlobalSection
	GlobalSection(SolutionProperties) = preSolution
		HideSolutionNode = FALSE
	EndGlobalSection
	GlobalSection(ExtensibilityGlobals) = postSolution
		SolutionGuid = {972AC50A-C6FA-4133-BCA5-2075D280380D}
	EndGlobalSection
EndGlobal
